
Microsoft Visual Studio Solution File, Format Version 12.00
# Visual Studio 14
VisualStudioVersion = 14.0.25420.1
MinimumVisualStudioVersion = 10.0.40219.1
Project("{2150E333-8FDC-42A3-9474-1A3956D46DE8}") = "src", "src", "{6C51870E-44A5-4ABD-A447-1BBF565B1A16}"
EndProject
Project("{2150E333-8FDC-42A3-9474-1A3956D46DE8}") = "Solution Items", "Solution Items", "{17AA4AD4-521B-4CA7-8465-3CBD7F3594D2}"
	ProjectSection(SolutionItems) = preProject
		global.json = global.json
	EndProjectSection
EndProject
Project("{8BB2217D-0F2D-49D1-97BC-3654ED321F3B}") = "ServiceBus.OpenSdk.Core", "src\ServiceBus.OpenSdk.Core\ServiceBus.OpenSdk.Core.xproj", "{5E2C7AD7-B359-4315-9FA6-4E93BC75FBA9}"
EndProject
Project("{8BB2217D-0F2D-49D1-97BC-3654ED321F3B}") = "ServiceBus.OpenSdk.Http", "src\ServiceBus.OpenSdk.Http\ServiceBus.OpenSdk.Http.xproj", "{A6DAE650-2038-4440-BDE7-E1FB3380F792}"
EndProject
Project("{8BB2217D-0F2D-49D1-97BC-3654ED321F3B}") = "ServiceBus.OpenSdk.Amqp", "src\ServiceBus.OpenSdk.Amqp\ServiceBus.OpenSdk.Amqp.xproj", "{EAA43608-EF8C-4D44-917E-D0D4CCFE5F28}"
EndProject
Project("{8BB2217D-0F2D-49D1-97BC-3654ED321F3B}") = "ServiceBus.OpenSdk.UnitTestsCore", "src\ServiceBus.OpenSdk.UnitTestsCore\ServiceBus.OpenSdk.UnitTestsCore.xproj", "{FBED2E79-CD46-48E9-BEF7-7E8D00C10E81}"
EndProject
Project("{FAE04EC0-301F-11D3-BF4B-00C04F79EFBC}") = "ServiceBus.OpenSdk.EnvironmentSetup", "ServiceBus.OpenSdk.EnvironmentSetup\ServiceBus.OpenSdk.EnvironmentSetup.csproj", "{E9E33B18-6050-4174-936E-6CF221DD79D4}"
EndProject
Global
	GlobalSection(SolutionConfigurationPlatforms) = preSolution
		Debug|Any CPU = Debug|Any CPU
		Release|Any CPU = Release|Any CPU
	EndGlobalSection
	GlobalSection(ProjectConfigurationPlatforms) = postSolution
		{5E2C7AD7-B359-4315-9FA6-4E93BC75FBA9}.Debug|Any CPU.ActiveCfg = Debug|Any CPU
		{5E2C7AD7-B359-4315-9FA6-4E93BC75FBA9}.Debug|Any CPU.Build.0 = Debug|Any CPU
		{5E2C7AD7-B359-4315-9FA6-4E93BC75FBA9}.Release|Any CPU.ActiveCfg = Release|Any CPU
		{5E2C7AD7-B359-4315-9FA6-4E93BC75FBA9}.Release|Any CPU.Build.0 = Release|Any CPU
		{A6DAE650-2038-4440-BDE7-E1FB3380F792}.Debug|Any CPU.ActiveCfg = Debug|Any CPU
		{A6DAE650-2038-4440-BDE7-E1FB3380F792}.Debug|Any CPU.Build.0 = Debug|Any CPU
		{A6DAE650-2038-4440-BDE7-E1FB3380F792}.Release|Any CPU.ActiveCfg = Release|Any CPU
		{A6DAE650-2038-4440-BDE7-E1FB3380F792}.Release|Any CPU.Build.0 = Release|Any CPU
		{EAA43608-EF8C-4D44-917E-D0D4CCFE5F28}.Debug|Any CPU.ActiveCfg = Debug|Any CPU
		{EAA43608-EF8C-4D44-917E-D0D4CCFE5F28}.Debug|Any CPU.Build.0 = Debug|Any CPU
		{EAA43608-EF8C-4D44-917E-D0D4CCFE5F28}.Release|Any CPU.ActiveCfg = Release|Any CPU
		{EAA43608-EF8C-4D44-917E-D0D4CCFE5F28}.Release|Any CPU.Build.0 = Release|Any CPU
		{FBED2E79-CD46-48E9-BEF7-7E8D00C10E81}.Debug|Any CPU.ActiveCfg = Debug|Any CPU
		{FBED2E79-CD46-48E9-BEF7-7E8D00C10E81}.Debug|Any CPU.Build.0 = Debug|Any CPU
		{FBED2E79-CD46-48E9-BEF7-7E8D00C10E81}.Release|Any CPU.ActiveCfg = Release|Any CPU
		{FBED2E79-CD46-48E9-BEF7-7E8D00C10E81}.Release|Any CPU.Build.0 = Release|Any CPU
		{E9E33B18-6050-4174-936E-6CF221DD79D4}.Debug|Any CPU.ActiveCfg = Debug|Any CPU
		{E9E33B18-6050-4174-936E-6CF221DD79D4}.Debug|Any CPU.Build.0 = Debug|Any CPU
		{E9E33B18-6050-4174-936E-6CF221DD79D4}.Release|Any CPU.ActiveCfg = Release|Any CPU
		{E9E33B18-6050-4174-936E-6CF221DD79D4}.Release|Any CPU.Build.0 = Release|Any CPU
	EndGlobalSection
	GlobalSection(SolutionProperties) = preSolution
		HideSolutionNode = FALSE
	EndGlobalSection
	GlobalSection(NestedProjects) = preSolution
		{5E2C7AD7-B359-4315-9FA6-4E93BC75FBA9} = {6C51870E-44A5-4ABD-A447-1BBF565B1A16}
		{A6DAE650-2038-4440-BDE7-E1FB3380F792} = {6C51870E-44A5-4ABD-A447-1BBF565B1A16}
		{EAA43608-EF8C-4D44-917E-D0D4CCFE5F28} = {6C51870E-44A5-4ABD-A447-1BBF565B1A16}
		{FBED2E79-CD46-48E9-BEF7-7E8D00C10E81} = {6C51870E-44A5-4ABD-A447-1BBF565B1A16}
	EndGlobalSection
EndGlobal
